// !$*UTF8*$!
{
	archiveVersion = 1;
	classes = {
	};
	objectVersion = 46;
	objects = {

/* Begin PBXBuildFile section */
		6A3541A81E74AB45004368E1 /* main.m in Sources */ = {isa = PBXBuildFile; fileRef = 6A3541A71E74AB45004368E1 /* main.m */; };
		6A3541AB1E74AB45004368E1 /* AppDelegate.m in Sources */ = {isa = PBXBuildFile; fileRef = 6A3541AA1E74AB45004368E1 /* AppDelegate.m */; };
		6A3541AE1E74AB45004368E1 /* ViewController.m in Sources */ = {isa = PBXBuildFile; fileRef = 6A3541AD1E74AB45004368E1 /* ViewController.m */; };
		6A3541B11E74AB45004368E1 /* Main.storyboard in Resources */ = {isa = PBXBuildFile; fileRef = 6A3541AF1E74AB45004368E1 /* Main.storyboard */; };
		6A3541B31E74AB45004368E1 /* Assets.xcassets in Resources */ = {isa = PBXBuildFile; fileRef = 6A3541B21E74AB45004368E1 /* Assets.xcassets */; };
		6A3541B61E74AB45004368E1 /* LaunchScreen.storyboard in Resources */ = {isa = PBXBuildFile; fileRef = 6A3541B41E74AB45004368E1 /* LaunchScreen.storyboard */; };
		6A3541C11E74AB45004368E1 /* WGImagePickerTests.m in Sources */ = {isa = PBXBuildFile; fileRef = 6A3541C01E74AB45004368E1 /* WGImagePickerTests.m */; };
		6A3541CC1E74AB46004368E1 /* WGImagePickerUITests.m in Sources */ = {isa = PBXBuildFile; fileRef = 6A3541CB1E74AB46004368E1 /* WGImagePickerUITests.m */; };
/* End PBXBuildFile section */

/* Begin PBXContainerItemProxy section */
		6A3541BD1E74AB45004368E1 /* PBXContainerItemProxy */ = {
			isa = PBXContainerItemProxy;
			containerPortal = 6A35419B1E74AB45004368E1 /* Project object */;
			proxyType = 1;
			remoteGlobalIDString = 6A3541A21E74AB45004368E1;
			remoteInfo = WGImagePicker;
		};
		6A3541C81E74AB46004368E1 /* PBXContainerItemProxy */ = {
			isa = PBXContainerItemProxy;
			containerPortal = 6A35419B1E74AB45004368E1 /* Project object */;
			proxyType = 1;
			remoteGlobalIDString = 6A3541A21E74AB45004368E1;
			remoteInfo = WGImagePicker;
		};
/* End PBXContainerItemProxy section */

/* Begin PBXFileReference section */
		6A3541A31E74AB45004368E1 /* WGImagePicker.app */ = {isa = PBXFileReference; explicitFileType = wrapper.application; includeInIndex = 0; path = WGImagePicker.app; sourceTree = BUILT_PRODUCTS_DIR; };
		6A3541A71E74AB45004368E1 /* main.m */ = {isa = PBXFileReference; lastKnownFileType = sourcecode.c.objc; path = main.m; sourceTree = "<group>"; };
		6A3541A91E74AB45004368E1 /* AppDelegate.h */ = {isa = PBXFileReference; lastKnownFileType = sourcecode.c.h; path = AppDelegate.h; sourceTree = "<group>"; };
		6A3541AA1E74AB45004368E1 /* AppDelegate.m */ = {isa = PBXFileReference; lastKnownFileType = sourcecode.c.objc; path = AppDelegate.m; sourceTree = "<group>"; };
		6A3541AC1E74AB45004368E1 /* ViewController.h */ = {isa = PBXFileReference; lastKnownFileType = sourcecode.c.h; path = ViewController.h; sourceTree = "<group>"; };
		6A3541AD1E74AB45004368E1 /* ViewController.m */ = {isa = PBXFileReference; lastKnownFileType = sourcecode.c.objc; path = ViewController.m; sourceTree = "<group>"; };
		6A3541B01E74AB45004368E1 /* Base */ = {isa = PBXFileReference; lastKnownFileType = file.storyboard; name = Base; path = Base.lproj/Main.storyboard; sourceTree = "<group>"; };
		6A3541B21E74AB45004368E1 /* Assets.xcassets */ = {isa = PBXFileReference; lastKnownFileType = folder.assetcatalog; path = Assets.xcassets; sourceTree = "<group>"; };
		6A3541B51E74AB45004368E1 /* Base */ = {isa = PBXFileReference; lastKnownFileType = file.storyboard; name = Base; path = Base.lproj/LaunchScreen.storyboard; sourceTree = "<group>"; };
		6A3541B71E74AB45004368E1 /* Info.plist */ = {isa = PBXFileReference; lastKnownFileType = text.plist.xml; path = Info.plist; sourceTree = "<group>"; };
		6A3541BC1E74AB45004368E1 /* WGImagePickerTests.xctest */ = {isa = PBXFileReference; explicitFileType = wrapper.cfbundle; includeInIndex = 0; path = WGImagePickerTests.xctest; sourceTree = BUILT_PRODUCTS_DIR; };
		6A3541C01E74AB45004368E1 /* WGImagePickerTests.m */ = {isa = PBXFileReference; lastKnownFileType = sourcecode.c.objc; path = WGImagePickerTests.m; sourceTree = "<group>"; };
		6A3541C21E74AB45004368E1 /* Info.plist */ = {isa = PBXFileReference; lastKnownFileType = text.plist.xml; path = Info.plist; sourceTree = "<group>"; };
		6A3541C71E74AB46004368E1 /* WGImagePickerUITests.xctest */ = {isa = PBXFileReference; explicitFileType = wrapper.cfbundle; includeInIndex = 0; path = WGImagePickerUITests.xctest; sourceTree = BUILT_PRODUCTS_DIR; };
		6A3541CB1E74AB46004368E1 /* WGImagePickerUITests.m */ = {isa = PBXFileReference; lastKnownFileType = sourcecode.c.objc; path = WGImagePickerUITests.m; sourceTree = "<group>"; };
		6A3541CD1E74AB46004368E1 /* Info.plist */ = {isa = PBXFileReference; lastKnownFileType = text.plist.xml; path = Info.plist; sourceTree = "<group>"; };
/* End PBXFileReference section */

/* Begin PBXFrameworksBuildPhase section */
		6A3541A01E74AB45004368E1 /* Frameworks */ = {
			isa = PBXFrameworksBuildPhase;
			buildActionMask = 2147483647;
			files = (
			);
			runOnlyForDeploymentPostprocessing = 0;
		};
		6A3541B91E74AB45004368E1 /* Frameworks */ = {
			isa = PBXFrameworksBuildPhase;
			buildActionMask = 2147483647;
			files = (
			);
			runOnlyForDeploymentPostprocessing = 0;
		};
		6A3541C41E74AB46004368E1 /* Frameworks */ = {
			isa = PBXFrameworksBuildPhase;
			buildActionMask = 2147483647;
			files = (
			);
			runOnlyForDeploymentPostprocessing = 0;
		};
/* End PBXFrameworksBuildPhase section */

/* Begin PBXGroup section */
		6A35419A1E74AB45004368E1 = {
			isa = PBXGroup;
			children = (
				6A3541A51E74AB45004368E1 /* WGImagePicker */,
				6A3541BF1E74AB45004368E1 /* WGImagePickerTests */,
				6A3541CA1E74AB46004368E1 /* WGImagePickerUITests */,
				6A3541A41E74AB45004368E1 /* Products */,
			);
			sourceTree = "<group>";
		};
		6A3541A41E74AB45004368E1 /* Products */ = {
			isa = PBXGroup;
			children = (
				6A3541A31E74AB45004368E1 /* WGImagePicker.app */,
				6A3541BC1E74AB45004368E1 /* WGImagePickerTests.xctest */,
				6A3541C71E74AB46004368E1 /* WGImagePickerUITests.xctest */,
			);
			name = Products;
			sourceTree = "<group>";
		};
		6A3541A51E74AB45004368E1 /* WGImagePicker */ = {
			isa = PBXGroup;
			children = (
				6A3541A91E74AB45004368E1 /* AppDelegate.h */,
				6A3541AA1E74AB45004368E1 /* AppDelegate.m */,
				6A3541AC1E74AB45004368E1 /* ViewController.h */,
				6A3541AD1E74AB45004368E1 /* ViewController.m */,
				6A3541AF1E74AB45004368E1 /* Main.storyboard */,
				6A3541B21E74AB45004368E1 /* Assets.xcassets */,
				6A3541B41E74AB45004368E1 /* LaunchScreen.storyboard */,
				6A3541B71E74AB45004368E1 /* Info.plist */,
				6A3541A61E74AB45004368E1 /* Supporting Files */,
			);
			path = WGImagePicker;
			sourceTree = "<group>";
		};
		6A3541A61E74AB45004368E1 /* Supporting Files */ = {
			isa = PBXGroup;
			children = (
				6A3541A71E74AB45004368E1 /* main.m */,
			);
			name = "Supporting Files";
			sourceTree = "<group>";
		};
		6A3541BF1E74AB45004368E1 /* WGImagePickerTests */ = {
			isa = PBXGroup;
			children = (
				6A3541C01E74AB45004368E1 /* WGImagePickerTests.m */,
				6A3541C21E74AB45004368E1 /* Info.plist */,
			);
			path = WGImagePickerTests;
			sourceTree = "<group>";
		};
		6A3541CA1E74AB46004368E1 /* WGImagePickerUITests */ = {
			isa = PBXGroup;
			children = (
				6A3541CB1E74AB46004368E1 /* WGImagePickerUITests.m */,
				6A3541CD1E74AB46004368E1 /* Info.plist */,
			);
			path = WGImagePickerUITests;
			sourceTree = "<group>";
		};
/* End PBXGroup section */

/* Begin PBXNativeTarget section */
		6A3541A21E74AB45004368E1 /* WGImagePicker */ = {
			isa = PBXNativeTarget;
			buildConfigurationList = 6A3541D01E74AB46004368E1 /* Build configuration list for PBXNativeTarget "WGImagePicker" */;
			buildPhases = (
				6A35419F1E74AB45004368E1 /* Sources */,
				6A3541A01E74AB45004368E1 /* Frameworks */,
				6A3541A11E74AB45004368E1 /* Resources */,
			);
			buildRules = (
			);
			dependencies = (
			);
			name = WGImagePicker;
			productName = WGImagePicker;
			productReference = 6A3541A31E74AB45004368E1 /* WGImagePicker.app */;
			productType = "com.apple.product-type.application";
		};
		6A3541BB1E74AB45004368E1 /* WGImagePickerTests */ = {
			isa = PBXNativeTarget;
			buildConfigurationList = 6A3541D31E74AB46004368E1 /* Build configuration list for PBXNativeTarget "WGImagePickerTests" */;
			buildPhases = (
				6A3541B81E74AB45004368E1 /* Sources */,
				6A3541B91E74AB45004368E1 /* Frameworks */,
				6A3541BA1E74AB45004368E1 /* Resources */,
			);
			buildRules = (
			);
			dependencies = (
				6A3541BE1E74AB45004368E1 /* PBXTargetDependency */,
			);
			name = WGImagePickerTests;
			productName = WGImagePickerTests;
			productReference = 6A3541BC1E74AB45004368E1 /* WGImagePickerTests.xctest */;
			productType = "com.apple.product-type.bundle.unit-test";
		};
		6A3541C61E74AB46004368E1 /* WGImagePickerUITests */ = {
			isa = PBXNativeTarget;
			buildConfigurationList = 6A3541D61E74AB46004368E1 /* Build configuration list for PBXNativeTarget "WGImagePickerUITests" */;
			buildPhases = (
				6A3541C31E74AB46004368E1 /* Sources */,
				6A3541C41E74AB46004368E1 /* Frameworks */,
				6A3541C51E74AB46004368E1 /* Resources */,
			);
			buildRules = (
			);
			dependencies = (
				6A3541C91E74AB46004368E1 /* PBXTargetDependency */,
			);
			name = WGImagePickerUITests;
			productName = WGImagePickerUITests;
			productReference = 6A3541C71E74AB46004368E1 /* WGImagePickerUITests.xctest */;
			productType = "com.apple.product-type.bundle.ui-testing";
		};
/* End PBXNativeTarget section */

/* Begin PBXProject section */
		6A35419B1E74AB45004368E1 /* Project object */ = {
			isa = PBXProject;
			attributes = {
				LastUpgradeCheck = 0820;
				ORGANIZATIONNAME = "Prashant Raju";
				TargetAttributes = {
					6A3541A21E74AB45004368E1 = {
						CreatedOnToolsVersion = 8.2.1;
						DevelopmentTeam = FR348256K3;
						ProvisioningStyle = Automatic;
					};
					6A3541BB1E74AB45004368E1 = {
						CreatedOnToolsVersion = 8.2.1;
						DevelopmentTeam = FR348256K3;
						ProvisioningStyle = Automatic;
						TestTargetID = 6A3541A21E74AB45004368E1;
					};
					6A3541C61E74AB46004368E1 = {
						CreatedOnToolsVersion = 8.2.1;
						DevelopmentTeam = FR348256K3;
						ProvisioningStyle = Automatic;
						TestTargetID = 6A3541A21E74AB45004368E1;
					};
				};
			};
			buildConfigurationList = 6A35419E1E74AB45004368E1 /* Build configuration list for PBXProject "WGImagePicker" */;
			compatibilityVersion = "Xcode 3.2";
			developmentRegion = English;
			hasScannedForEncodings = 0;
			knownRegions = (
				en,
				Base,
			);
			mainGroup = 6A35419A1E74AB45004368E1;
			productRefGroup = 6A3541A41E74AB45004368E1 /* Products */;
			projectDirPath = "";
			projectRoot = "";
			targets = (
				6A3541A21E74AB45004368E1 /* WGImagePicker */,
				6A3541BB1E74AB45004368E1 /* WGImagePickerTests */,
				6A3541C61E74AB46004368E1 /* WGImagePickerUITests */,
			);
		};
/* End PBXProject section */

/* Begin PBXResourcesBuildPhase section */
		6A3541A11E74AB45004368E1 /* Resources */ = {
			isa = PBXResourcesBuildPhase;
			buildActionMask = 2147483647;
			files = (
				6A3541B61E74AB45004368E1 /* LaunchScreen.storyboard in Resources */,
				6A3541B31E74AB45004368E1 /* Assets.xcassets in Resources */,
				6A3541B11E74AB45004368E1 /* Main.storyboard in Resources */,
			);
			runOnlyForDeploymentPostprocessing = 0;
		};
		6A3541BA1E74AB45004368E1 /* Resources */ = {
			isa = PBXResourcesBuildPhase;
			buildActionMask = 2147483647;
			files = (
			);
			runOnlyForDeploymentPostprocessing = 0;
		};
		6A3541C51E74AB46004368E1 /* Resources */ = {
			isa = PBXResourcesBuildPhase;
			buildActionMask = 2147483647;
			files = (
			);
			runOnlyForDeploymentPostprocessing = 0;
		};
/* End PBXResourcesBuildPhase section */

/* Begin PBXSourcesBuildPhase section */
		6A35419F1E74AB45004368E1 /* Sources */ = {
			isa = PBXSourcesBuildPhase;
			buildActionMask = 2147483647;
			files = (
				6A3541AE1E74AB45004368E1 /* ViewController.m in Sources */,
				6A3541AB1E74AB45004368E1 /* AppDelegate.m in Sources */,
				6A3541A81E74AB45004368E1 /* main.m in Sources */,
			);
			runOnlyForDeploymentPostprocessing = 0;
		};
		6A3541B81E74AB45004368E1 /* Sources */ = {
			isa = PBXSourcesBuildPhase;
			buildActionMask = 2147483647;
			files = (
				6A3541C11E74AB45004368E1 /* WGImagePickerTests.m in Sources */,
			);
			runOnlyForDeploymentPostprocessing = 0;
		};
		6A3541C31E74AB46004368E1 /* Sources */ = {
			isa = PBXSourcesBuildPhase;
			buildActionMask = 2147483647;
			files = (
				6A3541CC1E74AB46004368E1 /* WGImagePickerUITests.m in Sources */,
			);
			runOnlyForDeploymentPostprocessing = 0;
		};
/* End PBXSourcesBuildPhase section */

/* Begin PBXTargetDependency section */
		6A3541BE1E74AB45004368E1 /* PBXTargetDependency */ = {
			isa = PBXTargetDependency;
			target = 6A3541A21E74AB45004368E1 /* WGImagePicker */;
			targetProxy = 6A3541BD1E74AB45004368E1 /* PBXContainerItemProxy */;
		};
		6A3541C91E74AB46004368E1 /* PBXTargetDependency */ = {
			isa = PBXTargetDependency;
			target = 6A3541A21E74AB45004368E1 /* WGImagePicker */;
			targetProxy = 6A3541C81E74AB46004368E1 /* PBXContainerItemProxy */;
		};
/* End PBXTargetDependency section */

/* Begin PBXVariantGroup section */
		6A3541AF1E74AB45004368E1 /* Main.storyboard */ = {
			isa = PBXVariantGroup;
			children = (
				6A3541B01E74AB45004368E1 /* Base */,
			);
			name = Main.storyboard;
			sourceTree = "<group>";
		};
		6A3541B41E74AB45004368E1 /* LaunchScreen.storyboard */ = {
			isa = PBXVariantGroup;
			children = (
				6A3541B51E74AB45004368E1 /* Base */,
			);
			name = LaunchScreen.storyboard;
			sourceTree = "<group>";
		};
/* End PBXVariantGroup section */

/* Begin XCBuildConfiguration section */
		6A3541CE1E74AB46004368E1 /* Debug */ = {
			isa = XCBuildConfiguration;
			buildSettings = {
				ALWAYS_SEARCH_USER_PATHS = NO;
				CLANG_ANALYZER_NONNULL = YES;
				CLANG_CXX_LANGUAGE_STANDARD = "gnu++0x";
				CLANG_CXX_LIBRARY = "libc++";
				CLANG_ENABLE_MODULES = YES;
				CLANG_ENABLE_OBJC_ARC = YES;
				CLANG_WARN_BOOL_CONVERSION = YES;
				CLANG_WARN_CONSTANT_CONVERSION = YES;
				CLANG_WARN_DIRECT_OBJC_ISA_USAGE = YES_ERROR;
				CLANG_WARN_DOCUMENTATION_COMMENTS = YES;
				CLANG_WARN_EMPTY_BODY = YES;
				CLANG_WARN_ENUM_CONVERSION = YES;
				CLANG_WARN_INFINITE_RECURSION = YES;
				CLANG_WARN_INT_CONVERSION = YES;
				CLANG_WARN_OBJC_ROOT_CLASS = YES_ERROR;
				CLANG_WARN_SUSPICIOUS_MOVE = YES;
				CLANG_WARN_UNREACHABLE_CODE = YES;
				CLANG_WARN__DUPLICATE_METHOD_MATCH = YES;
				"CODE_SIGN_IDENTITY[sdk=iphoneos*]" = "iPhone Developer";
				COPY_PHASE_STRIP = NO;
				DEBUG_INFORMATION_FORMAT = dwarf;
				ENABLE_STRICT_OBJC_MSGSEND = YES;
				ENABLE_TESTABILITY = YES;
				GCC_C_LANGUAGE_STANDARD = gnu99;
				GCC_DYNAMIC_NO_PIC = NO;
				GCC_NO_COMMON_BLOCKS = YES;
				GCC_OPTIMIZATION_LEVEL = 0;
				GCC_PREPROCESSOR_DEFINITIONS = (
					"DEBUG=1",
					"$(inherited)",
				);
				GCC_WARN_64_TO_32_BIT_CONVERSION = YES;
				GCC_WARN_ABOUT_RETURN_TYPE = YES_ERROR;
				GCC_WARN_UNDECLARED_SELECTOR = YES;
				GCC_WARN_UNINITIALIZED_AUTOS = YES_AGGRESSIVE;
				GCC_WARN_UNUSED_FUNCTION = YES;
				GCC_WARN_UNUSED_VARIABLE = YES;
				IPHONEOS_DEPLOYMENT_TARGET = 10.2;
				MTL_ENABLE_DEBUG_INFO = YES;
				ONLY_ACTIVE_ARCH = YES;
				SDKROOT = iphoneos;
			};
			name = Debug;
		};
		6A3541CF1E74AB46004368E1 /* Release */ = {
			isa = XCBuildConfiguration;
			buildSettings = {
				ALWAYS_SEARCH_USER_PATHS = NO;
				CLANG_ANALYZER_NONNULL = YES;
				CLANG_CXX_LANGUAGE_STANDARD = "gnu++0x";
				CLANG_CXX_LIBRARY = "libc++";
				CLANG_ENABLE_MODULES = YES;
				CLANG_ENABLE_OBJC_ARC = YES;
				CLANG_WARN_BOOL_CONVERSION = YES;
				CLANG_WARN_CONSTANT_CONVERSION = YES;
				CLANG_WARN_DIRECT_OBJC_ISA_USAGE = YES_ERROR;
				CLANG_WARN_DOCUMENTATION_COMMENTS = YES;
				CLANG_WARN_EMPTY_BODY = YES;
				CLANG_WARN_ENUM_CONVERSION = YES;
				CLANG_WARN_INFINITE_RECURSION = YES;
				CLANG_WARN_INT_CONVERSION = YES;
				CLANG_WARN_OBJC_ROOT_CLASS = YES_ERROR;
				CLANG_WARN_SUSPICIOUS_MOVE = YES;
				CLANG_WARN_UNREACHABLE_CODE = YES;
				CLANG_WARN__DUPLICATE_METHOD_MATCH = YES;
				"CODE_SIGN_IDENTITY[sdk=iphoneos*]" = "iPhone Developer";
				COPY_PHASE_STRIP = NO;
				DEBUG_INFORMATION_FORMAT = "dwarf-with-dsym";
				ENABLE_NS_ASSERTIONS = NO;
				ENABLE_STRICT_OBJC_MSGSEND = YES;
				GCC_C_LANGUAGE_STANDARD = gnu99;
				GCC_NO_COMMON_BLOCKS = YES;
				GCC_WARN_64_TO_32_BIT_CONVERSION = YES;
				GCC_WARN_ABOUT_RETURN_TYPE = YES_ERROR;
				GCC_WARN_UNDECLARED_SELECTOR = YES;
				GCC_WARN_UNINITIALIZED_AUTOS = YES_AGGRESSIVE;
				GCC_WARN_UNUSED_FUNCTION = YES;
				GCC_WARN_UNUSED_VARIABLE = YES;
				IPHONEOS_DEPLOYMENT_TARGET = 10.2;
				MTL_ENABLE_DEBUG_INFO = NO;
				SDKROOT = iphoneos;
				VALIDATE_PRODUCT = YES;
			};
			name = Release;
		};
		6A3541D11E74AB46004368E1 /* Debug */ = {
			isa = XCBuildConfiguration;
			buildSettings = {
				ASSETCATALOG_COMPILER_APPICON_NAME = AppIcon;
				DEVELOPMENT_TEAM = FR348256K3;
				INFOPLIST_FILE = WGImagePicker/Info.plist;
				LD_RUNPATH_SEARCH_PATHS = "$(inherited) @executable_path/Frameworks";
				PRODUCT_BUNDLE_IDENTIFIER = com.me.prashant.raju.WGImagePicker;
				PRODUCT_NAME = "$(TARGET_NAME)";
			};
			name = Debug;
		};
		6A3541D21E74AB46004368E1 /* Release */ = {
			isa = XCBuildConfiguration;
			buildSettings = {
				ASSETCATALOG_COMPILER_APPICON_NAME = AppIcon;
				DEVELOPMENT_TEAM = FR348256K3;
				INFOPLIST_FILE = WGImagePicker/Info.plist;
				LD_RUNPATH_SEARCH_PATHS = "$(inherited) @executable_path/Frameworks";
				PRODUCT_BUNDLE_IDENTIFIER = com.me.prashant.raju.WGImagePicker;
				PRODUCT_NAME = "$(TARGET_NAME)";
			};
			name = Release;
		};
		6A3541D41E74AB46004368E1 /* Debug */ = {
			isa = XCBuildConfiguration;
			buildSettings = {
				BUNDLE_LOADER = "$(TEST_HOST)";
				DEVELOPMENT_TEAM = FR348256K3;
				INFOPLIST_FILE = WGImagePickerTests/Info.plist;
				LD_RUNPATH_SEARCH_PATHS = "$(inherited) @executable_path/Frameworks @loader_path/Frameworks";
				PRODUCT_BUNDLE_IDENTIFIER = com.me.prashant.raju.WGImagePickerTests;
				PRODUCT_NAME = "$(TARGET_NAME)";
				TEST_HOST = "$(BUILT_PRODUCTS_DIR)/WGImagePicker.app/WGImagePicker";
			};
			name = Debug;
		};
		6A3541D51E74AB46004368E1 /* Release */ = {
			isa = XCBuildConfiguration;
			buildSettings = {
				BUNDLE_LOADER = "$(TEST_HOST)";
				DEVELOPMENT_TEAM = FR348256K3;
				INFOPLIST_FILE = WGImagePickerTests/Info.plist;
				LD_RUNPATH_SEARCH_PATHS = "$(inherited) @executable_path/Frameworks @loader_path/Frameworks";
				PRODUCT_BUNDLE_IDENTIFIER = com.me.prashant.raju.WGImagePickerTests;
				PRODUCT_NAME = "$(TARGET_NAME)";
				TEST_HOST = "$(BUILT_PRODUCTS_DIR)/WGImagePicker.app/WGImagePicker";
			};
			name = Release;
		};
		6A3541D71E74AB46004368E1 /* Debug */ = {
			isa = XCBuildConfiguration;
			buildSettings = {
				DEVELOPMENT_TEAM = FR348256K3;
				INFOPLIST_FILE = WGImagePickerUITests/Info.plist;
				LD_RUNPATH_SEARCH_PATHS = "$(inherited) @executable_path/Frameworks @loader_path/Frameworks";
				PRODUCT_BUNDLE_IDENTIFIER = com.me.prashant.raju.WGImagePickerUITests;
				PRODUCT_NAME = "$(TARGET_NAME)";
				TEST_TARGET_NAME = WGImagePicker;
			};
			name = Debug;
		};
		6A3541D81E74AB46004368E1 /* Release */ = {
			isa = XCBuildConfiguration;
			buildSettings = {
				DEVELOPMENT_TEAM = FR348256K3;
				INFOPLIST_FILE = WGImagePickerUITests/Info.plist;
				LD_RUNPATH_SEARCH_PATHS = "$(inherited) @executable_path/Frameworks @loader_path/Frameworks";
				PRODUCT_BUNDLE_IDENTIFIER = com.me.prashant.raju.WGImagePickerUITests;
				PRODUCT_NAME = "$(TARGET_NAME)";
				TEST_TARGET_NAME = WGImagePicker;
			};
			name = Release;
		};
/* End XCBuildConfiguration section */

/* Begin XCConfigurationList section */
		6A35419E1E74AB45004368E1 /* Build configuration list for PBXProject "WGImagePicker" */ = {
			isa = XCConfigurationList;
			buildConfigurations = (
				6A3541CE1E74AB46004368E1 /* Debug */,
				6A3541CF1E74AB46004368E1 /* Release */,
			);
			defaultConfigurationIsVisible = 0;
			defaultConfigurationName = Release;
		};
		6A3541D01E74AB46004368E1 /* Build configuration list for PBXNativeTarget "WGImagePicker" */ = {
			isa = XCConfigurationList;
			buildConfigurations = (
				6A3541D11E74AB46004368E1 /* Debug */,
				6A3541D21E74AB46004368E1 /* Release */,
			);
			defaultConfigurationIsVisible = 0;
		};
		6A3541D31E74AB46004368E1 /* Build configuration list for PBXNativeTarget "WGImagePickerTests" */ = {
			isa = XCConfigurationList;
			buildConfigurations = (
				6A3541D41E74AB46004368E1 /* Debug */,
				6A3541D51E74AB46004368E1 /* Release */,
			);
			defaultConfigurationIsVisible = 0;
		};
		6A3541D61E74AB46004368E1 /* Build configuration list for PBXNativeTarget "WGImagePickerUITests" */ = {
			isa = XCConfigurationList;
			buildConfigurations = (
				6A3541D71E74AB46004368E1 /* Debug */,
				6A3541D81E74AB46004368E1 /* Release */,
			);
			defaultConfigurationIsVisible = 0;
		};
/* End XCConfigurationList section */
	};
	rootObject = 6A35419B1E74AB45004368E1 /* Project object */;
}
